// !$*UTF8*$!
{
	archiveVersion = 1;
	classes = {
	};
	objectVersion = 46;
	objects = {

/* Begin PBXBuildFile section */
		95C4F64A1C47BD35006E5E4F /* AppDelegate.swift in Sources */ = {isa = PBXBuildFile; fileRef = 95C4F6491C47BD35006E5E4F /* AppDelegate.swift */; };
		95C4F64C1C47BD35006E5E4F /* ViewController.swift in Sources */ = {isa = PBXBuildFile; fileRef = 95C4F64B1C47BD35006E5E4F /* ViewController.swift */; };
		95C4F64F1C47BD35006E5E4F /* Main.storyboard in Resources */ = {isa = PBXBuildFile; fileRef = 95C4F64D1C47BD35006E5E4F /* Main.storyboard */; };
		95C4F6511C47BD35006E5E4F /* Assets.xcassets in Resources */ = {isa = PBXBuildFile; fileRef = 95C4F6501C47BD35006E5E4F /* Assets.xcassets */; };
		95C4F6541C47BD35006E5E4F /* LaunchScreen.storyboard in Resources */ = {isa = PBXBuildFile; fileRef = 95C4F6521C47BD35006E5E4F /* LaunchScreen.storyboard */; };
/* End PBXBuildFile section */

/* Begin PBXFileReference section */
		95C4F6461C47BD35006E5E4F /* SuperCool.app */ = {isa = PBXFileReference; explicitFileType = wrapper.application; includeInIndex = 0; path = SuperCool.app; sourceTree = BUILT_PRODUCTS_DIR; };
		95C4F6491C47BD35006E5E4F /* AppDelegate.swift */ = {isa = PBXFileReference; lastKnownFileType = sourcecode.swift; path = AppDelegate.swift; sourceTree = "<group>"; };
		95C4F64B1C47BD35006E5E4F /* ViewController.swift */ = {isa = PBXFileReference; lastKnownFileType = sourcecode.swift; path = ViewController.swift; sourceTree = "<group>"; };
		95C4F64E1C47BD35006E5E4F /* Base */ = {isa = PBXFileReference; lastKnownFileType = file.storyboard; name = Base; path = Base.lproj/Main.storyboard; sourceTree = "<group>"; };
		95C4F6501C47BD35006E5E4F /* Assets.xcassets */ = {isa = PBXFileReference; lastKnownFileType = folder.assetcatalog; path = Assets.xcassets; sourceTree = "<group>"; };
		95C4F6531C47BD35006E5E4F /* Base */ = {isa = PBXFileReference; lastKnownFileType = file.storyboard; name = Base; path = Base.lproj/LaunchScreen.storyboard; sourceTree = "<group>"; };
		95C4F6551C47BD35006E5E4F /* Info.plist */ = {isa = PBXFileReference; lastKnownFileType = text.plist.xml; path = Info.plist; sourceTree = "<group>"; };
/* End PBXFileReference section */

/* Begin PBXFrameworksBuildPhase section */
		95C4F6431C47BD35006E5E4F /* Frameworks */ = {
			isa = PBXFrameworksBuildPhase;
			buildActionMask = 2147483647;
			files = (
			);
			runOnlyForDeploymentPostprocessing = 0;
		};
/* End PBXFrameworksBuildPhase section */

/* Begin PBXGroup section */
		95C4F63D1C47BD35006E5E4F = {
			isa = PBXGroup;
			children = (
				95C4F6481C47BD35006E5E4F /* SuperCool */,
				95C4F6471C47BD35006E5E4F /* Products */,
			);
			sourceTree = "<group>";
		};
		95C4F6471C47BD35006E5E4F /* Products */ = {
			isa = PBXGroup;
			children = (
				95C4F6461C47BD35006E5E4F /* SuperCool.app */,
			);
			name = Products;
			sourceTree = "<group>";
		};
		95C4F6481C47BD35006E5E4F /* SuperCool */ = {
			isa = PBXGroup;
			children = (
				95C4F6491C47BD35006E5E4F /* AppDelegate.swift */,
				95C4F64B1C47BD35006E5E4F /* ViewController.swift */,
				95C4F64D1C47BD35006E5E4F /* Main.storyboard */,
				95C4F6501C47BD35006E5E4F /* Assets.xcassets */,
				95C4F6521C47BD35006E5E4F /* LaunchScreen.storyboard */,
				95C4F6551C47BD35006E5E4F /* Info.plist */,
			);
			path = SuperCool;
			sourceTree = "<group>";
		};
/* End PBXGroup section */

/* Begin PBXNativeTarget section */
		95C4F6451C47BD35006E5E4F /* SuperCool */ = {
			isa = PBXNativeTarget;
			buildConfigurationList = 95C4F6581C47BD35006E5E4F /* Build configuration list for PBXNativeTarget "SuperCool" */;
			buildPhases = (
				95C4F6421C47BD35006E5E4F /* Sources */,
				95C4F6431C47BD35006E5E4F /* Frameworks */,
				95C4F6441C47BD35006E5E4F /* Resources */,
			);
			buildRules = (
			);
			dependencies = (
			);
			name = SuperCool;
			productName = SuperCool;
			productReference = 95C4F6461C47BD35006E5E4F /* SuperCool.app */;
			productType = "com.apple.product-type.application";
		};
/* End PBXNativeTarget section */

/* Begin PBXProject section */
		95C4F63E1C47BD35006E5E4F /* Project object */ = {
			isa = PBXProject;
			attributes = {
				LastSwiftUpdateCheck = 0720;
				LastUpgradeCheck = 0720;
				ORGANIZATIONNAME = "Il Mo Jung";
				TargetAttributes = {
					95C4F6451C47BD35006E5E4F = {
						CreatedOnToolsVersion = 7.2;
					};
				};
			};
			buildConfigurationList = 95C4F6411C47BD35006E5E4F /* Build configuration list for PBXProject "SuperCool" */;
			compatibilityVersion = "Xcode 3.2";
			developmentRegion = English;
			hasScannedForEncodings = 0;
			knownRegions = (
				en,
				Base,
			);
			mainGroup = 95C4F63D1C47BD35006E5E4F;
			productRefGroup = 95C4F6471C47BD35006E5E4F /* Products */;
			projectDirPath = "";
			projectRoot = "";
			targets = (
				95C4F6451C47BD35006E5E4F /* SuperCool */,
			);
		};
/* End PBXProject section */

/* Begin PBXResourcesBuildPhase section */
		95C4F6441C47BD35006E5E4F /* Resources */ = {
			isa = PBXResourcesBuildPhase;
			buildActionMask = 2147483647;
			files = (
				95C4F6541C47BD35006E5E4F /* LaunchScreen.storyboard in Resources */,
				95C4F6511C47BD35006E5E4F /* Assets.xcassets in Resources */,
				95C4F64F1C47BD35006E5E4F /* Main.storyboard in Resources */,
			);
			runOnlyForDeploymentPostprocessing = 0;
		};
/* End PBXResourcesBuildPhase section */

/* Begin PBXSourcesBuildPhase section */
		95C4F6421C47BD35006E5E4F /* Sources */ = {
			isa = PBXSourcesBuildPhase;
			buildActionMask = 2147483647;
			files = (
				95C4F64C1C47BD35006E5E4F /* ViewController.swift in Sources */,
				95C4F64A1C47BD35006E5E4F /* AppDelegate.swift in Sources */,
			);
			runOnlyForDeploymentPostprocessing = 0;
		};
/* End PBXSourcesBuildPhase section */

/* Begin PBXVariantGroup section */
		95C4F64D1C47BD35006E5E4F /* Main.storyboard */ = {
			isa = PBXVariantGroup;
			children = (
				95C4F64E1C47BD35006E5E4F /* Base */,
			);
			name = Main.storyboard;
			sourceTree = "<group>";
		};
		95C4F6521C47BD35006E5E4F /* LaunchScreen.storyboard */ = {
			isa = PBXVariantGroup;
			children = (
				95C4F6531C47BD35006E5E4F /* Base */,
			);
			name = LaunchScreen.storyboard;
			sourceTree = "<group>";
		};
/* End PBXVariantGroup section */

/* Begin XCBuildConfiguration section */
		95C4F6561C47BD35006E5E4F /* Debug */ = {
			isa = XCBuildConfiguration;
			buildSettings = {
				ALWAYS_SEARCH_USER_PATHS = NO;
				CLANG_CXX_LANGUAGE_STANDARD = "gnu++0x";
				CLANG_CXX_LIBRARY = "libc++";
				CLANG_ENABLE_MODULES = YES;
				CLANG_ENABLE_OBJC_ARC = YES;
				CLANG_WARN_BOOL_CONVERSION = YES;
				CLANG_WARN_CONSTANT_CONVERSION = YES;
				CLANG_WARN_DIRECT_OBJC_ISA_USAGE = YES_ERROR;
				CLANG_WARN_EMPTY_BODY = YES;
				CLANG_WARN_ENUM_CONVERSION = YES;
				CLANG_WARN_INT_CONVERSION = YES;
				CLANG_WARN_OBJC_ROOT_CLASS = YES_ERROR;
				CLANG_WARN_UNREACHABLE_CODE = YES;
				CLANG_WARN__DUPLICATE_METHOD_MATCH = YES;
				"CODE_SIGN_IDENTITY[sdk=iphoneos*]" = "iPhone Developer";
				COPY_PHASE_STRIP = NO;
				DEBUG_INFORMATION_FORMAT = dwarf;
				ENABLE_STRICT_OBJC_MSGSEND = YES;
				ENABLE_TESTABILITY = YES;
				GCC_C_LANGUAGE_STANDARD = gnu99;
				GCC_DYNAMIC_NO_PIC = NO;
				GCC_NO_COMMON_BLOCKS = YES;
				GCC_OPTIMIZATION_LEVEL = 0;
				GCC_PREPROCESSOR_DEFINITIONS = (
					"DEBUG=1",
					"$(inherited)",
				);
				GCC_WARN_64_TO_32_BIT_CONVERSION = YES;
				GCC_WARN_ABOUT_RETURN_TYPE = YES_ERROR;
				GCC_WARN_UNDECLARED_SELECTOR = YES;
				GCC_WARN_UNINITIALIZED_AUTOS = YES_AGGRESSIVE;
				GCC_WARN_UNUSED_FUNCTION = YES;
				GCC_WARN_UNUSED_VARIABLE = YES;
				IPHONEOS_DEPLOYMENT_TARGET = 9.2;
				MTL_ENABLE_DEBUG_INFO = YES;
				ONLY_ACTIVE_ARCH = YES;
				SDKROOT = iphoneos;
				SWIFT_OPTIMIZATION_LEVEL = "-Onone";
			};
			name = Debug;
		};
		95C4F6571C47BD35006E5E4F /* Release */ = {
			isa = XCBuildConfiguration;
			buildSettings = {
				ALWAYS_SEARCH_USER_PATHS = NO;
				CLANG_CXX_LANGUAGE_STANDARD = "gnu++0x";
				CLANG_CXX_LIBRARY = "libc++";
				CLANG_ENABLE_MODULES = YES;
				CLANG_ENABLE_OBJC_ARC = YES;
				CLANG_WARN_BOOL_CONVERSION = YES;
				CLANG_WARN_CONSTANT_CONVERSION = YES;
				CLANG_WARN_DIRECT_OBJC_ISA_USAGE = YES_ERROR;
				CLANG_WARN_EMPTY_BODY = YES;
				CLANG_WARN_ENUM_CONVERSION = YES;
				CLANG_WARN_INT_CONVERSION = YES;
				CLANG_WARN_OBJC_ROOT_CLASS = YES_ERROR;
				CLANG_WARN_UNREACHABLE_CODE = YES;
				CLANG_WARN__DUPLICATE_METHOD_MATCH = YES;
				"CODE_SIGN_IDENTITY[sdk=iphoneos*]" = "iPhone Developer";
				COPY_PHASE_STRIP = NO;
				DEBUG_INFORMATION_FORMAT = "dwarf-with-dsym";
				ENABLE_NS_ASSERTIONS = NO;
				ENABLE_STRICT_OBJC_MSGSEND = YES;
				GCC_C_LANGUAGE_STANDARD = gnu99;
				GCC_NO_COMMON_BLOCKS = YES;
				GCC_WARN_64_TO_32_BIT_CONVERSION = YES;
				GCC_WARN_ABOUT_RETURN_TYPE = YES_ERROR;
				GCC_WARN_UNDECLARED_SELECTOR = YES;
				GCC_WARN_UNINITIALIZED_AUTOS = YES_AGGRESSIVE;
				GCC_WARN_UNUSED_FUNCTION = YES;
				GCC_WARN_UNUSED_VARIABLE = YES;
				IPHONEOS_DEPLOYMENT_TARGET = 9.2;
				MTL_ENABLE_DEBUG_INFO = NO;
				SDKROOT = iphoneos;
				VALIDATE_PRODUCT = YES;
			};
			name = Release;
		};
		95C4F6591C47BD35006E5E4F /* Debug */ = {
			isa = XCBuildConfiguration;
			buildSettings = {
				ASSETCATALOG_COMPILER_APPICON_NAME = AppIcon;
				INFOPLIST_FILE = SuperCool/Info.plist;
				LD_RUNPATH_SEARCH_PATHS = "$(inherited) @executable_path/Frameworks";
				PRODUCT_BUNDLE_IDENTIFIER = com.Diff.SuperCool;
				PRODUCT_NAME = "$(TARGET_NAME)";
			};
			name = Debug;
		};
		95C4F65A1C47BD35006E5E4F /* Release */ = {
			isa = XCBuildConfiguration;
			buildSettings = {
				ASSETCATALOG_COMPILER_APPICON_NAME = AppIcon;
				INFOPLIST_FILE = SuperCool/Info.plist;
				LD_RUNPATH_SEARCH_PATHS = "$(inherited) @executable_path/Frameworks";
				PRODUCT_BUNDLE_IDENTIFIER = com.Diff.SuperCool;
				PRODUCT_NAME = "$(TARGET_NAME)";
			};
			name = Release;
		};
/* End XCBuildConfiguration section */

/* Begin XCConfigurationList section */
		95C4F6411C47BD35006E5E4F /* Build configuration list for PBXProject "SuperCool" */ = {
			isa = XCConfigurationList;
			buildConfigurations = (
				95C4F6561C47BD35006E5E4F /* Debug */,
				95C4F6571C47BD35006E5E4F /* Release */,
			);
			defaultConfigurationIsVisible = 0;
			defaultConfigurationName = Release;
		};
		95C4F6581C47BD35006E5E4F /* Build configuration list for PBXNativeTarget "SuperCool" */ = {
			isa = XCConfigurationList;
			buildConfigurations = (
				95C4F6591C47BD35006E5E4F /* Debug */,
				95C4F65A1C47BD35006E5E4F /* Release */,
			);
			defaultConfigurationIsVisible = 0;
		};
/* End XCConfigurationList section */
	};
	rootObject = 95C4F63E1C47BD35006E5E4F /* Project object */;
}
